// !$*UTF8*$!
{
	archiveVersion = 1;
	classes = {
	};
	objectVersion = 50;
	objects = {

/* Begin PBXBuildFile section */
		F211134426D8CBC40017855C /* UIKeyboardTypeExtension.swift in Sources */ = {isa = PBXBuildFile; fileRef = F211134326D8CBC40017855C /* UIKeyboardTypeExtension.swift */; };
		F211134626D8D5020017855C /* DTInputAccessoryView.swift in Sources */ = {isa = PBXBuildFile; fileRef = F211134526D8D5020017855C /* DTInputAccessoryView.swift */; };
		F2DA8EC326D8BDF100C4C818 /* AppDelegate.swift in Sources */ = {isa = PBXBuildFile; fileRef = F2DA8EC226D8BDF100C4C818 /* AppDelegate.swift */; };
		F2DA8EC526D8BDF100C4C818 /* SceneDelegate.swift in Sources */ = {isa = PBXBuildFile; fileRef = F2DA8EC426D8BDF100C4C818 /* SceneDelegate.swift */; };
		F2DA8EC726D8BDF100C4C818 /* ViewController.swift in Sources */ = {isa = PBXBuildFile; fileRef = F2DA8EC626D8BDF100C4C818 /* ViewController.swift */; };
		F2DA8ECA26D8BDF100C4C818 /* Main.storyboard in Resources */ = {isa = PBXBuildFile; fileRef = F2DA8EC826D8BDF100C4C818 /* Main.storyboard */; };
		F2DA8ECC26D8BDF200C4C818 /* Assets.xcassets in Resources */ = {isa = PBXBuildFile; fileRef = F2DA8ECB26D8BDF200C4C818 /* Assets.xcassets */; };
		F2DA8ECF26D8BDF200C4C818 /* LaunchScreen.storyboard in Resources */ = {isa = PBXBuildFile; fileRef = F2DA8ECD26D8BDF200C4C818 /* LaunchScreen.storyboard */; };
/* End PBXBuildFile section */

/* Begin PBXFileReference section */
		F211134326D8CBC40017855C /* UIKeyboardTypeExtension.swift */ = {isa = PBXFileReference; lastKnownFileType = sourcecode.swift; path = UIKeyboardTypeExtension.swift; sourceTree = "<group>"; };
		F211134526D8D5020017855C /* DTInputAccessoryView.swift */ = {isa = PBXFileReference; lastKnownFileType = sourcecode.swift; path = DTInputAccessoryView.swift; sourceTree = "<group>"; };
		F2DA8EBF26D8BDF100C4C818 /* KeyboardTypeDemo.app */ = {isa = PBXFileReference; explicitFileType = wrapper.application; includeInIndex = 0; path = KeyboardTypeDemo.app; sourceTree = BUILT_PRODUCTS_DIR; };
		F2DA8EC226D8BDF100C4C818 /* AppDelegate.swift */ = {isa = PBXFileReference; lastKnownFileType = sourcecode.swift; path = AppDelegate.swift; sourceTree = "<group>"; };
		F2DA8EC426D8BDF100C4C818 /* SceneDelegate.swift */ = {isa = PBXFileReference; lastKnownFileType = sourcecode.swift; path = SceneDelegate.swift; sourceTree = "<group>"; };
		F2DA8EC626D8BDF100C4C818 /* ViewController.swift */ = {isa = PBXFileReference; lastKnownFileType = sourcecode.swift; path = ViewController.swift; sourceTree = "<group>"; };
		F2DA8EC926D8BDF100C4C818 /* Base */ = {isa = PBXFileReference; lastKnownFileType = file.storyboard; name = Base; path = Base.lproj/Main.storyboard; sourceTree = "<group>"; };
		F2DA8ECB26D8BDF200C4C818 /* Assets.xcassets */ = {isa = PBXFileReference; lastKnownFileType = folder.assetcatalog; path = Assets.xcassets; sourceTree = "<group>"; };
		F2DA8ECE26D8BDF200C4C818 /* Base */ = {isa = PBXFileReference; lastKnownFileType = file.storyboard; name = Base; path = Base.lproj/LaunchScreen.storyboard; sourceTree = "<group>"; };
		F2DA8ED026D8BDF200C4C818 /* Info.plist */ = {isa = PBXFileReference; lastKnownFileType = text.plist.xml; path = Info.plist; sourceTree = "<group>"; };
/* End PBXFileReference section */

/* Begin PBXFrameworksBuildPhase section */
		F2DA8EBC26D8BDF100C4C818 /* Frameworks */ = {
			isa = PBXFrameworksBuildPhase;
			buildActionMask = 2147483647;
			files = (
			);
			runOnlyForDeploymentPostprocessing = 0;
		};
/* End PBXFrameworksBuildPhase section */

/* Begin PBXGroup section */
		F2DA8EB626D8BDF100C4C818 = {
			isa = PBXGroup;
			children = (
				F2DA8EC126D8BDF100C4C818 /* KeyboardTypeDemo */,
				F2DA8EC026D8BDF100C4C818 /* Products */,
			);
			sourceTree = "<group>";
		};
		F2DA8EC026D8BDF100C4C818 /* Products */ = {
			isa = PBXGroup;
			children = (
				F2DA8EBF26D8BDF100C4C818 /* KeyboardTypeDemo.app */,
			);
			name = Products;
			sourceTree = "<group>";
		};
		F2DA8EC126D8BDF100C4C818 /* KeyboardTypeDemo */ = {
			isa = PBXGroup;
			children = (
				F211134326D8CBC40017855C /* UIKeyboardTypeExtension.swift */,
				F211134526D8D5020017855C /* DTInputAccessoryView.swift */,
				F2DA8EC226D8BDF100C4C818 /* AppDelegate.swift */,
				F2DA8EC426D8BDF100C4C818 /* SceneDelegate.swift */,
				F2DA8EC626D8BDF100C4C818 /* ViewController.swift */,
				F2DA8EC826D8BDF100C4C818 /* Main.storyboard */,
				F2DA8ECB26D8BDF200C4C818 /* Assets.xcassets */,
				F2DA8ECD26D8BDF200C4C818 /* LaunchScreen.storyboard */,
				F2DA8ED026D8BDF200C4C818 /* Info.plist */,
			);
			path = KeyboardTypeDemo;
			sourceTree = "<group>";
		};
/* End PBXGroup section */

/* Begin PBXNativeTarget section */
		F2DA8EBE26D8BDF100C4C818 /* KeyboardTypeDemo */ = {
			isa = PBXNativeTarget;
			buildConfigurationList = F2DA8ED326D8BDF200C4C818 /* Build configuration list for PBXNativeTarget "KeyboardTypeDemo" */;
			buildPhases = (
				F2DA8EBB26D8BDF100C4C818 /* Sources */,
				F2DA8EBC26D8BDF100C4C818 /* Frameworks */,
				F2DA8EBD26D8BDF100C4C818 /* Resources */,
			);
			buildRules = (
			);
			dependencies = (
			);
			name = KeyboardTypeDemo;
			productName = KeyboardTypeDemo;
			productReference = F2DA8EBF26D8BDF100C4C818 /* KeyboardTypeDemo.app */;
			productType = "com.apple.product-type.application";
		};
/* End PBXNativeTarget section */

/* Begin PBXProject section */
		F2DA8EB726D8BDF100C4C818 /* Project object */ = {
			isa = PBXProject;
			attributes = {
				LastSwiftUpdateCheck = 1250;
				LastUpgradeCheck = 1250;
				TargetAttributes = {
					F2DA8EBE26D8BDF100C4C818 = {
						CreatedOnToolsVersion = 12.5.1;
					};
				};
			};
			buildConfigurationList = F2DA8EBA26D8BDF100C4C818 /* Build configuration list for PBXProject "KeyboardTypeDemo" */;
			compatibilityVersion = "Xcode 9.3";
			developmentRegion = en;
			hasScannedForEncodings = 0;
			knownRegions = (
				en,
				Base,
			);
			mainGroup = F2DA8EB626D8BDF100C4C818;
			productRefGroup = F2DA8EC026D8BDF100C4C818 /* Products */;
			projectDirPath = "";
			projectRoot = "";
			targets = (
				F2DA8EBE26D8BDF100C4C818 /* KeyboardTypeDemo */,
			);
		};
/* End PBXProject section */

/* Begin PBXResourcesBuildPhase section */
		F2DA8EBD26D8BDF100C4C818 /* Resources */ = {
			isa = PBXResourcesBuildPhase;
			buildActionMask = 2147483647;
			files = (
				F2DA8ECF26D8BDF200C4C818 /* LaunchScreen.storyboard in Resources */,
				F2DA8ECC26D8BDF200C4C818 /* Assets.xcassets in Resources */,
				F2DA8ECA26D8BDF100C4C818 /* Main.storyboard in Resources */,
			);
			runOnlyForDeploymentPostprocessing = 0;
		};
/* End PBXResourcesBuildPhase section */

/* Begin PBXSourcesBuildPhase section */
		F2DA8EBB26D8BDF100C4C818 /* Sources */ = {
			isa = PBXSourcesBuildPhase;
			buildActionMask = 2147483647;
			files = (
				F2DA8EC726D8BDF100C4C818 /* ViewController.swift in Sources */,
				F2DA8EC326D8BDF100C4C818 /* AppDelegate.swift in Sources */,
				F211134426D8CBC40017855C /* UIKeyboardTypeExtension.swift in Sources */,
				F211134626D8D5020017855C /* DTInputAccessoryView.swift in Sources */,
				F2DA8EC526D8BDF100C4C818 /* SceneDelegate.swift in Sources */,
			);
			runOnlyForDeploymentPostprocessing = 0;
		};
/* End PBXSourcesBuildPhase section */

/* Begin PBXVariantGroup section */
		F2DA8EC826D8BDF100C4C818 /* Main.storyboard */ = {
			isa = PBXVariantGroup;
			children = (
				F2DA8EC926D8BDF100C4C818 /* Base */,
			);
			name = Main.storyboard;
			sourceTree = "<group>";
		};
		F2DA8ECD26D8BDF200C4C818 /* LaunchScreen.storyboard */ = {
			isa = PBXVariantGroup;
			children = (
				F2DA8ECE26D8BDF200C4C818 /* Base */,
			);
			name = LaunchScreen.storyboard;
			sourceTree = "<group>";
		};
/* End PBXVariantGroup section */

/* Begin XCBuildConfiguration section */
		F2DA8ED126D8BDF200C4C818 /* Debug */ = {
			isa = XCBuildConfiguration;
			buildSettings = {
				ALWAYS_SEARCH_USER_PATHS = NO;
				CLANG_ANALYZER_NONNULL = YES;
				CLANG_ANALYZER_NUMBER_OBJECT_CONVERSION = YES_AGGRESSIVE;
				CLANG_CXX_LANGUAGE_STANDARD = "gnu++14";
				CLANG_CXX_LIBRARY = "libc++";
				CLANG_ENABLE_MODULES = YES;
				CLANG_ENABLE_OBJC_ARC = YES;
				CLANG_ENABLE_OBJC_WEAK = YES;
				CLANG_WARN_BLOCK_CAPTURE_AUTORELEASING = YES;
				CLANG_WARN_BOOL_CONVERSION = YES;
				CLANG_WARN_COMMA = YES;
				CLANG_WARN_CONSTANT_CONVERSION = YES;
				CLANG_WARN_DEPRECATED_OBJC_IMPLEMENTATIONS = YES;
				CLANG_WARN_DIRECT_OBJC_ISA_USAGE = YES_ERROR;
				CLANG_WARN_DOCUMENTATION_COMMENTS = YES;
				CLANG_WARN_EMPTY_BODY = YES;
				CLANG_WARN_ENUM_CONVERSION = YES;
				CLANG_WARN_INFINITE_RECURSION = YES;
				CLANG_WARN_INT_CONVERSION = YES;
				CLANG_WARN_NON_LITERAL_NULL_CONVERSION = YES;
				CLANG_WARN_OBJC_IMPLICIT_RETAIN_SELF = YES;
				CLANG_WARN_OBJC_LITERAL_CONVERSION = YES;
				CLANG_WARN_OBJC_ROOT_CLASS = YES_ERROR;
				CLANG_WARN_QUOTED_INCLUDE_IN_FRAMEWORK_HEADER = YES;
				CLANG_WARN_RANGE_LOOP_ANALYSIS = YES;
				CLANG_WARN_STRICT_PROTOTYPES = YES;
				CLANG_WARN_SUSPICIOUS_MOVE = YES;
				CLANG_WARN_UNGUARDED_AVAILABILITY = YES_AGGRESSIVE;
				CLANG_WARN_UNREACHABLE_CODE = YES;
				CLANG_WARN__DUPLICATE_METHOD_MATCH = YES;
				COPY_PHASE_STRIP = NO;
				DEBUG_INFORMATION_FORMAT = dwarf;
				ENABLE_STRICT_OBJC_MSGSEND = YES;
				ENABLE_TESTABILITY = YES;
				GCC_C_LANGUAGE_STANDARD = gnu11;
				GCC_DYNAMIC_NO_PIC = NO;
				GCC_NO_COMMON_BLOCKS = YES;
				GCC_OPTIMIZATION_LEVEL = 0;
				GCC_PREPROCESSOR_DEFINITIONS = (
					"DEBUG=1",
					"$(inherited)",
				);
				GCC_WARN_64_TO_32_BIT_CONVERSION = YES;
				GCC_WARN_ABOUT_RETURN_TYPE = YES_ERROR;
				GCC_WARN_UNDECLARED_SELECTOR = YES;
				GCC_WARN_UNINITIALIZED_AUTOS = YES_AGGRESSIVE;
				GCC_WARN_UNUSED_FUNCTION = YES;
				GCC_WARN_UNUSED_VARIABLE = YES;
				IPHONEOS_DEPLOYMENT_TARGET = 14.5;
				MTL_ENABLE_DEBUG_INFO = INCLUDE_SOURCE;
				MTL_FAST_MATH = YES;
				ONLY_ACTIVE_ARCH = YES;
				SDKROOT = iphoneos;
				SWIFT_ACTIVE_COMPILATION_CONDITIONS = DEBUG;
				SWIFT_OPTIMIZATION_LEVEL = "-Onone";
			};
			name = Debug;
		};
		F2DA8ED226D8BDF200C4C818 /* Release */ = {
			isa = XCBuildConfiguration;
			buildSettings = {
				ALWAYS_SEARCH_USER_PATHS = NO;
				CLANG_ANALYZER_NONNULL = YES;
				CLANG_ANALYZER_NUMBER_OBJECT_CONVERSION = YES_AGGRESSIVE;
				CLANG_CXX_LANGUAGE_STANDARD = "gnu++14";
				CLANG_CXX_LIBRARY = "libc++";
				CLANG_ENABLE_MODULES = YES;
				CLANG_ENABLE_OBJC_ARC = YES;
				CLANG_ENABLE_OBJC_WEAK = YES;
				CLANG_WARN_BLOCK_CAPTURE_AUTORELEASING = YES;
				CLANG_WARN_BOOL_CONVERSION = YES;
				CLANG_WARN_COMMA = YES;
				CLANG_WARN_CONSTANT_CONVERSION = YES;
				CLANG_WARN_DEPRECATED_OBJC_IMPLEMENTATIONS = YES;
				CLANG_WARN_DIRECT_OBJC_ISA_USAGE = YES_ERROR;
				CLANG_WARN_DOCUMENTATION_COMMENTS = YES;
				CLANG_WARN_EMPTY_BODY = YES;
				CLANG_WARN_ENUM_CONVERSION = YES;
				CLANG_WARN_INFINITE_RECURSION = YES;
				CLANG_WARN_INT_CONVERSION = YES;
				CLANG_WARN_NON_LITERAL_NULL_CONVERSION = YES;
				CLANG_WARN_OBJC_IMPLICIT_RETAIN_SELF = YES;
				CLANG_WARN_OBJC_LITERAL_CONVERSION = YES;
				CLANG_WARN_OBJC_ROOT_CLASS = YES_ERROR;
				CLANG_WARN_QUOTED_INCLUDE_IN_FRAMEWORK_HEADER = YES;
				CLANG_WARN_RANGE_LOOP_ANALYSIS = YES;
				CLANG_WARN_STRICT_PROTOTYPES = YES;
				CLANG_WARN_SUSPICIOUS_MOVE = YES;
				CLANG_WARN_UNGUARDED_AVAILABILITY = YES_AGGRESSIVE;
				CLANG_WARN_UNREACHABLE_CODE = YES;
				CLANG_WARN__DUPLICATE_METHOD_MATCH = YES;
				COPY_PHASE_STRIP = NO;
				DEBUG_INFORMATION_FORMAT = "dwarf-with-dsym";
				ENABLE_NS_ASSERTIONS = NO;
				ENABLE_STRICT_OBJC_MSGSEND = YES;
				GCC_C_LANGUAGE_STANDARD = gnu11;
				GCC_NO_COMMON_BLOCKS = YES;
				GCC_WARN_64_TO_32_BIT_CONVERSION = YES;
				GCC_WARN_ABOUT_RETURN_TYPE = YES_ERROR;
				GCC_WARN_UNDECLARED_SELECTOR = YES;
				GCC_WARN_UNINITIALIZED_AUTOS = YES_AGGRESSIVE;
				GCC_WARN_UNUSED_FUNCTION = YES;
				GCC_WARN_UNUSED_VARIABLE = YES;
				IPHONEOS_DEPLOYMENT_TARGET = 14.5;
				MTL_ENABLE_DEBUG_INFO = NO;
				MTL_FAST_MATH = YES;
				SDKROOT = iphoneos;
				SWIFT_COMPILATION_MODE = wholemodule;
				SWIFT_OPTIMIZATION_LEVEL = "-O";
				VALIDATE_PRODUCT = YES;
			};
			name = Release;
		};
		F2DA8ED426D8BDF200C4C818 /* Debug */ = {
			isa = XCBuildConfiguration;
			buildSettings = {
				ASSETCATALOG_COMPILER_APPICON_NAME = AppIcon;
				ASSETCATALOG_COMPILER_GLOBAL_ACCENT_COLOR_NAME = AccentColor;
				CODE_SIGN_STYLE = Automatic;
				INFOPLIST_FILE = KeyboardTypeDemo/Info.plist;
				LD_RUNPATH_SEARCH_PATHS = (
					"$(inherited)",
					"@executable_path/Frameworks",
				);
				PRODUCT_BUNDLE_IDENTIFIER = com.darktt.personal.company.KeyboardTypeDemo;
				PRODUCT_NAME = "$(TARGET_NAME)";
				SWIFT_VERSION = 5.0;
				TARGETED_DEVICE_FAMILY = "1,2";
			};
			name = Debug;
		};
		F2DA8ED526D8BDF200C4C818 /* Release */ = {
			isa = XCBuildConfiguration;
			buildSettings = {
				ASSETCATALOG_COMPILER_APPICON_NAME = AppIcon;
				ASSETCATALOG_COMPILER_GLOBAL_ACCENT_COLOR_NAME = AccentColor;
				CODE_SIGN_STYLE = Automatic;
				INFOPLIST_FILE = KeyboardTypeDemo/Info.plist;
				LD_RUNPATH_SEARCH_PATHS = (
					"$(inherited)",
					"@executable_path/Frameworks",
				);
				PRODUCT_BUNDLE_IDENTIFIER = com.darktt.personal.company.KeyboardTypeDemo;
				PRODUCT_NAME = "$(TARGET_NAME)";
				SWIFT_VERSION = 5.0;
				TARGETED_DEVICE_FAMILY = "1,2";
			};
			name = Release;
		};
/* End XCBuildConfiguration section */

/* Begin XCConfigurationList section */
		F2DA8EBA26D8BDF100C4C818 /* Build configuration list for PBXProject "KeyboardTypeDemo" */ = {
			isa = XCConfigurationList;
			buildConfigurations = (
				F2DA8ED126D8BDF200C4C818 /* Debug */,
				F2DA8ED226D8BDF200C4C818 /* Release */,
			);
			defaultConfigurationIsVisible = 0;
			defaultConfigurationName = Release;
		};
		F2DA8ED326D8BDF200C4C818 /* Build configuration list for PBXNativeTarget "KeyboardTypeDemo" */ = {
			isa = XCConfigurationList;
			buildConfigurations = (
				F2DA8ED426D8BDF200C4C818 /* Debug */,
				F2DA8ED526D8BDF200C4C818 /* Release */,
			);
			defaultConfigurationIsVisible = 0;
			defaultConfigurationName = Release;
		};
/* End XCConfigurationList section */
	};
	rootObject = F2DA8EB726D8BDF100C4C818 /* Project object */;
}
